
Microsoft Visual Studio Solution File, Format Version 12.00
# Visual Studio Version 16
VisualStudioVersion = 16.0.32106.194
MinimumVisualStudioVersion = 10.0.40219.1
Project("{FAE04EC0-301F-11D3-BF4B-00C04F79EFBC}") = "ETicaret2023", "ETicaret2023\ETicaret2023.csproj", "{53510471-736F-4438-A5B6-6740D398F170}"
EndProject
Global
	GlobalSection(SolutionConfigurationPlatforms) = preSolution
		Debug|Any CPU = Debug|Any CPU
		Release|Any CPU = Release|Any CPU
	EndGlobalSection
	GlobalSection(ProjectConfigurationPlatforms) = postSolution
		{53510471-736F-4438-A5B6-6740D398F170}.Debug|Any CPU.ActiveCfg = Debug|Any CPU
		{53510471-736F-4438-A5B6-6740D398F170}.Debug|Any CPU.Build.0 = Debug|Any CPU
		{53510471-736F-4438-A5B6-6740D398F170}.Release|Any CPU.ActiveCfg = Release|Any CPU
		{53510471-736F-4438-A5B6-6740D398F170}.Release|Any CPU.Build.0 = Release|Any CPU
	EndGlobalSection
	GlobalSection(SolutionProperties) = preSolution
		HideSolutionNode = FALSE
	EndGlobalSection
	GlobalSection(ExtensibilityGlobals) = postSolution
		SolutionGuid = {CBD9CEA8-2A08-496A-87A6-D9C1CD592763}
	EndGlobalSection
EndGlobal
